// !$*UTF8*$!
{
	archiveVersion = 1;
	classes = {
	};
	objectVersion = 46;
	objects = {

/* Begin PBXBuildFile section */
		98CB15BC60B572F69F88DD77 /* Pods_PokemanSearch.framework in Frameworks */ = {isa = PBXBuildFile; fileRef = CE317DF49419614C5E5C4C92 /* Pods_PokemanSearch.framework */; };
		BF12FCF71DC18457003FBE68 /* AppDelegate.swift in Sources */ = {isa = PBXBuildFile; fileRef = BF12FCF61DC18457003FBE68 /* AppDelegate.swift */; };
		BF12FCF91DC18457003FBE68 /* ViewController.swift in Sources */ = {isa = PBXBuildFile; fileRef = BF12FCF81DC18457003FBE68 /* ViewController.swift */; };
		BF12FCFC1DC18457003FBE68 /* Main.storyboard in Resources */ = {isa = PBXBuildFile; fileRef = BF12FCFA1DC18457003FBE68 /* Main.storyboard */; };
		BF12FCFE1DC18457003FBE68 /* Assets.xcassets in Resources */ = {isa = PBXBuildFile; fileRef = BF12FCFD1DC18457003FBE68 /* Assets.xcassets */; };
		BF12FD011DC18457003FBE68 /* LaunchScreen.storyboard in Resources */ = {isa = PBXBuildFile; fileRef = BF12FCFF1DC18457003FBE68 /* LaunchScreen.storyboard */; };
		BF1801881DC18721000EA8EE /* GoogleService-Info.plist in Resources */ = {isa = PBXBuildFile; fileRef = BF1801871DC18721000EA8EE /* GoogleService-Info.plist */; };
		BF7730DF1DC539C900520187 /* PokemanAnnotate.swift in Sources */ = {isa = PBXBuildFile; fileRef = BF7730DE1DC539C900520187 /* PokemanAnnotate.swift */; };
		BFAC940C1DC301F900D4256E /* GeoFire.m in Sources */ = {isa = PBXBuildFile; fileRef = BFAC94031DC301F900D4256E /* GeoFire.m */; };
		BFAC940D1DC301F900D4256E /* GFBase32Utils.m in Sources */ = {isa = PBXBuildFile; fileRef = BFAC94051DC301F900D4256E /* GFBase32Utils.m */; };
		BFAC940E1DC301F900D4256E /* GFGeoHash.m in Sources */ = {isa = PBXBuildFile; fileRef = BFAC94071DC301F900D4256E /* GFGeoHash.m */; };
		BFAC940F1DC301F900D4256E /* GFGeoHashQuery.m in Sources */ = {isa = PBXBuildFile; fileRef = BFAC94091DC301F900D4256E /* GFGeoHashQuery.m */; };
		BFAC94101DC301F900D4256E /* GFQuery.m in Sources */ = {isa = PBXBuildFile; fileRef = BFAC940B1DC301F900D4256E /* GFQuery.m */; };
/* End PBXBuildFile section */

/* Begin PBXFileReference section */
		9FFF259A1C47F20110402F14 /* Pods-PokemanSearch.debug.xcconfig */ = {isa = PBXFileReference; includeInIndex = 1; lastKnownFileType = text.xcconfig; name = "Pods-PokemanSearch.debug.xcconfig"; path = "Pods/Target Support Files/Pods-PokemanSearch/Pods-PokemanSearch.debug.xcconfig"; sourceTree = "<group>"; };
		BF12FCF31DC18457003FBE68 /* PokemanSearch.app */ = {isa = PBXFileReference; explicitFileType = wrapper.application; includeInIndex = 0; path = PokemanSearch.app; sourceTree = BUILT_PRODUCTS_DIR; };
		BF12FCF61DC18457003FBE68 /* AppDelegate.swift */ = {isa = PBXFileReference; lastKnownFileType = sourcecode.swift; path = AppDelegate.swift; sourceTree = "<group>"; };
		BF12FCF81DC18457003FBE68 /* ViewController.swift */ = {isa = PBXFileReference; lastKnownFileType = sourcecode.swift; path = ViewController.swift; sourceTree = "<group>"; };
		BF12FCFB1DC18457003FBE68 /* Base */ = {isa = PBXFileReference; lastKnownFileType = file.storyboard; name = Base; path = Base.lproj/Main.storyboard; sourceTree = "<group>"; };
		BF12FCFD1DC18457003FBE68 /* Assets.xcassets */ = {isa = PBXFileReference; lastKnownFileType = folder.assetcatalog; path = Assets.xcassets; sourceTree = "<group>"; };
		BF12FD001DC18457003FBE68 /* Base */ = {isa = PBXFileReference; lastKnownFileType = file.storyboard; name = Base; path = Base.lproj/LaunchScreen.storyboard; sourceTree = "<group>"; };
		BF12FD021DC18457003FBE68 /* Info.plist */ = {isa = PBXFileReference; lastKnownFileType = text.plist.xml; path = Info.plist; sourceTree = "<group>"; };
		BF1801871DC18721000EA8EE /* GoogleService-Info.plist */ = {isa = PBXFileReference; fileEncoding = 4; lastKnownFileType = text.plist.xml; path = "GoogleService-Info.plist"; sourceTree = "<group>"; };
		BF7730DE1DC539C900520187 /* PokemanAnnotate.swift */ = {isa = PBXFileReference; fileEncoding = 4; lastKnownFileType = sourcecode.swift; path = PokemanAnnotate.swift; sourceTree = "<group>"; };
		BFAC93FC1DC301F900D4256E /* GeoFire.h */ = {isa = PBXFileReference; fileEncoding = 4; lastKnownFileType = sourcecode.c.h; path = GeoFire.h; sourceTree = "<group>"; };
		BFAC93FD1DC301F900D4256E /* GFCircleQuery.h */ = {isa = PBXFileReference; fileEncoding = 4; lastKnownFileType = sourcecode.c.h; path = GFCircleQuery.h; sourceTree = "<group>"; };
		BFAC93FE1DC301F900D4256E /* GFQuery.h */ = {isa = PBXFileReference; fileEncoding = 4; lastKnownFileType = sourcecode.c.h; path = GFQuery.h; sourceTree = "<group>"; };
		BFAC93FF1DC301F900D4256E /* GFRegionQuery.h */ = {isa = PBXFileReference; fileEncoding = 4; lastKnownFileType = sourcecode.c.h; path = GFRegionQuery.h; sourceTree = "<group>"; };
		BFAC94001DC301F900D4256E /* GeoFire-Prefix.pch */ = {isa = PBXFileReference; fileEncoding = 4; lastKnownFileType = sourcecode.c.h; path = "GeoFire-Prefix.pch"; sourceTree = "<group>"; };
		BFAC94021DC301F900D4256E /* GeoFire+Private.h */ = {isa = PBXFileReference; fileEncoding = 4; lastKnownFileType = sourcecode.c.h; path = "GeoFire+Private.h"; sourceTree = "<group>"; };
		BFAC94031DC301F900D4256E /* GeoFire.m */ = {isa = PBXFileReference; fileEncoding = 4; lastKnownFileType = sourcecode.c.objc; path = GeoFire.m; sourceTree = "<group>"; };
		BFAC94041DC301F900D4256E /* GFBase32Utils.h */ = {isa = PBXFileReference; fileEncoding = 4; lastKnownFileType = sourcecode.c.h; path = GFBase32Utils.h; sourceTree = "<group>"; };
		BFAC94051DC301F900D4256E /* GFBase32Utils.m */ = {isa = PBXFileReference; fileEncoding = 4; lastKnownFileType = sourcecode.c.objc; path = GFBase32Utils.m; sourceTree = "<group>"; };
		BFAC94061DC301F900D4256E /* GFGeoHash.h */ = {isa = PBXFileReference; fileEncoding = 4; lastKnownFileType = sourcecode.c.h; path = GFGeoHash.h; sourceTree = "<group>"; };
		BFAC94071DC301F900D4256E /* GFGeoHash.m */ = {isa = PBXFileReference; fileEncoding = 4; lastKnownFileType = sourcecode.c.objc; path = GFGeoHash.m; sourceTree = "<group>"; };
		BFAC94081DC301F900D4256E /* GFGeoHashQuery.h */ = {isa = PBXFileReference; fileEncoding = 4; lastKnownFileType = sourcecode.c.h; path = GFGeoHashQuery.h; sourceTree = "<group>"; };
		BFAC94091DC301F900D4256E /* GFGeoHashQuery.m */ = {isa = PBXFileReference; fileEncoding = 4; lastKnownFileType = sourcecode.c.objc; path = GFGeoHashQuery.m; sourceTree = "<group>"; };
		BFAC940A1DC301F900D4256E /* GFQuery+Private.h */ = {isa = PBXFileReference; fileEncoding = 4; lastKnownFileType = sourcecode.c.h; path = "GFQuery+Private.h"; sourceTree = "<group>"; };
		BFAC940B1DC301F900D4256E /* GFQuery.m */ = {isa = PBXFileReference; fileEncoding = 4; lastKnownFileType = sourcecode.c.objc; path = GFQuery.m; sourceTree = "<group>"; };
		BFAC94111DC307DD00D4256E /* PokemanSearch-Bridging-Header.h */ = {isa = PBXFileReference; fileEncoding = 4; lastKnownFileType = sourcecode.c.h; path = "PokemanSearch-Bridging-Header.h"; sourceTree = "<group>"; };
		C0D822F1DD8A2D534154F5AE /* Pods-PokemanSearch.release.xcconfig */ = {isa = PBXFileReference; includeInIndex = 1; lastKnownFileType = text.xcconfig; name = "Pods-PokemanSearch.release.xcconfig"; path = "Pods/Target Support Files/Pods-PokemanSearch/Pods-PokemanSearch.release.xcconfig"; sourceTree = "<group>"; };
		CE317DF49419614C5E5C4C92 /* Pods_PokemanSearch.framework */ = {isa = PBXFileReference; explicitFileType = wrapper.framework; includeInIndex = 0; path = Pods_PokemanSearch.framework; sourceTree = BUILT_PRODUCTS_DIR; };
/* End PBXFileReference section */

/* Begin PBXFrameworksBuildPhase section */
		BF12FCF01DC18457003FBE68 /* Frameworks */ = {
			isa = PBXFrameworksBuildPhase;
			buildActionMask = 2147483647;
			files = (
				98CB15BC60B572F69F88DD77 /* Pods_PokemanSearch.framework in Frameworks */,
			);
			runOnlyForDeploymentPostprocessing = 0;
		};
/* End PBXFrameworksBuildPhase section */

/* Begin PBXGroup section */
		0248C4E96032C08BCF4C1F31 /* Frameworks */ = {
			isa = PBXGroup;
			children = (
				CE317DF49419614C5E5C4C92 /* Pods_PokemanSearch.framework */,
			);
			name = Frameworks;
			sourceTree = "<group>";
		};
		65AA2996ABF9BA2981891B3E /* Pods */ = {
			isa = PBXGroup;
			children = (
				9FFF259A1C47F20110402F14 /* Pods-PokemanSearch.debug.xcconfig */,
				C0D822F1DD8A2D534154F5AE /* Pods-PokemanSearch.release.xcconfig */,
			);
			name = Pods;
			sourceTree = "<group>";
		};
		BF12FCEA1DC18457003FBE68 = {
			isa = PBXGroup;
			children = (
				BF12FCF51DC18457003FBE68 /* PokemanSearch */,
				BF12FCF41DC18457003FBE68 /* Products */,
				65AA2996ABF9BA2981891B3E /* Pods */,
				0248C4E96032C08BCF4C1F31 /* Frameworks */,
			);
			sourceTree = "<group>";
		};
		BF12FCF41DC18457003FBE68 /* Products */ = {
			isa = PBXGroup;
			children = (
				BF12FCF31DC18457003FBE68 /* PokemanSearch.app */,
			);
			name = Products;
			sourceTree = "<group>";
		};
		BF12FCF51DC18457003FBE68 /* PokemanSearch */ = {
			isa = PBXGroup;
			children = (
				BF7730DD1DC5391C00520187 /* Model */,
				BF7730DC1DC5391100520187 /* Controller */,
				BFAC93FA1DC301F900D4256E /* GeoFire */,
				BF12FCF61DC18457003FBE68 /* AppDelegate.swift */,
				BFAC94111DC307DD00D4256E /* PokemanSearch-Bridging-Header.h */,
				BF1801871DC18721000EA8EE /* GoogleService-Info.plist */,
				BF12FCFA1DC18457003FBE68 /* Main.storyboard */,
				BF12FCFD1DC18457003FBE68 /* Assets.xcassets */,
				BF12FCFF1DC18457003FBE68 /* LaunchScreen.storyboard */,
				BF12FD021DC18457003FBE68 /* Info.plist */,
			);
			path = PokemanSearch;
			sourceTree = "<group>";
		};
		BF7730DC1DC5391100520187 /* Controller */ = {
			isa = PBXGroup;
			children = (
				BF12FCF81DC18457003FBE68 /* ViewController.swift */,
			);
			name = Controller;
			sourceTree = "<group>";
		};
		BF7730DD1DC5391C00520187 /* Model */ = {
			isa = PBXGroup;
			children = (
				BF7730DE1DC539C900520187 /* PokemanAnnotate.swift */,
			);
			name = Model;
			sourceTree = "<group>";
		};
		BFAC93FA1DC301F900D4256E /* GeoFire */ = {
			isa = PBXGroup;
			children = (
				BFAC93FB1DC301F900D4256E /* API */,
				BFAC94001DC301F900D4256E /* GeoFire-Prefix.pch */,
				BFAC94011DC301F900D4256E /* Implementation */,
			);
			name = GeoFire;
			path = ../GeoFire;
			sourceTree = "<group>";
		};
		BFAC93FB1DC301F900D4256E /* API */ = {
			isa = PBXGroup;
			children = (
				BFAC93FC1DC301F900D4256E /* GeoFire.h */,
				BFAC93FD1DC301F900D4256E /* GFCircleQuery.h */,
				BFAC93FE1DC301F900D4256E /* GFQuery.h */,
				BFAC93FF1DC301F900D4256E /* GFRegionQuery.h */,
			);
			path = API;
			sourceTree = "<group>";
		};
		BFAC94011DC301F900D4256E /* Implementation */ = {
			isa = PBXGroup;
			children = (
				BFAC94021DC301F900D4256E /* GeoFire+Private.h */,
				BFAC94031DC301F900D4256E /* GeoFire.m */,
				BFAC94041DC301F900D4256E /* GFBase32Utils.h */,
				BFAC94051DC301F900D4256E /* GFBase32Utils.m */,
				BFAC94061DC301F900D4256E /* GFGeoHash.h */,
				BFAC94071DC301F900D4256E /* GFGeoHash.m */,
				BFAC94081DC301F900D4256E /* GFGeoHashQuery.h */,
				BFAC94091DC301F900D4256E /* GFGeoHashQuery.m */,
				BFAC940A1DC301F900D4256E /* GFQuery+Private.h */,
				BFAC940B1DC301F900D4256E /* GFQuery.m */,
			);
			path = Implementation;
			sourceTree = "<group>";
		};
/* End PBXGroup section */

/* Begin PBXNativeTarget section */
		BF12FCF21DC18457003FBE68 /* PokemanSearch */ = {
			isa = PBXNativeTarget;
			buildConfigurationList = BF12FD051DC18457003FBE68 /* Build configuration list for PBXNativeTarget "PokemanSearch" */;
			buildPhases = (
				DB1926794B1DD8176F7E5000 /* [CP] Check Pods Manifest.lock */,
				BF12FCEF1DC18457003FBE68 /* Sources */,
				BF12FCF01DC18457003FBE68 /* Frameworks */,
				BF12FCF11DC18457003FBE68 /* Resources */,
				771AACEF55F6FAF94AE1E422 /* [CP] Embed Pods Frameworks */,
				511D341030AB65460E8C001D /* [CP] Copy Pods Resources */,
			);
			buildRules = (
			);
			dependencies = (
			);
			name = PokemanSearch;
			productName = PokemanSearch;
			productReference = BF12FCF31DC18457003FBE68 /* PokemanSearch.app */;
			productType = "com.apple.product-type.application";
		};
/* End PBXNativeTarget section */

/* Begin PBXProject section */
		BF12FCEB1DC18457003FBE68 /* Project object */ = {
			isa = PBXProject;
			attributes = {
				LastSwiftUpdateCheck = 0800;
				LastUpgradeCheck = 0800;
				ORGANIZATIONNAME = "Vincent ";
				TargetAttributes = {
					BF12FCF21DC18457003FBE68 = {
						CreatedOnToolsVersion = 8.0;
						DevelopmentTeam = M9Z5C7FPBY;
						ProvisioningStyle = Automatic;
					};
				};
			};
			buildConfigurationList = BF12FCEE1DC18457003FBE68 /* Build configuration list for PBXProject "PokemanSearch" */;
			compatibilityVersion = "Xcode 3.2";
			developmentRegion = English;
			hasScannedForEncodings = 0;
			knownRegions = (
				en,
				Base,
			);
			mainGroup = BF12FCEA1DC18457003FBE68;
			productRefGroup = BF12FCF41DC18457003FBE68 /* Products */;
			projectDirPath = "";
			projectRoot = "";
			targets = (
				BF12FCF21DC18457003FBE68 /* PokemanSearch */,
			);
		};
/* End PBXProject section */

/* Begin PBXResourcesBuildPhase section */
		BF12FCF11DC18457003FBE68 /* Resources */ = {
			isa = PBXResourcesBuildPhase;
			buildActionMask = 2147483647;
			files = (
				BF12FD011DC18457003FBE68 /* LaunchScreen.storyboard in Resources */,
				BF1801881DC18721000EA8EE /* GoogleService-Info.plist in Resources */,
				BF12FCFE1DC18457003FBE68 /* Assets.xcassets in Resources */,
				BF12FCFC1DC18457003FBE68 /* Main.storyboard in Resources */,
			);
			runOnlyForDeploymentPostprocessing = 0;
		};
/* End PBXResourcesBuildPhase section */

/* Begin PBXShellScriptBuildPhase section */
		511D341030AB65460E8C001D /* [CP] Copy Pods Resources */ = {
			isa = PBXShellScriptBuildPhase;
			buildActionMask = 2147483647;
			files = (
			);
			inputPaths = (
			);
			name = "[CP] Copy Pods Resources";
			outputPaths = (
			);
			runOnlyForDeploymentPostprocessing = 0;
			shellPath = /bin/sh;
			shellScript = "\"${SRCROOT}/Pods/Target Support Files/Pods-PokemanSearch/Pods-PokemanSearch-resources.sh\"\n";
			showEnvVarsInLog = 0;
		};
		771AACEF55F6FAF94AE1E422 /* [CP] Embed Pods Frameworks */ = {
			isa = PBXShellScriptBuildPhase;
			buildActionMask = 2147483647;
			files = (
			);
			inputPaths = (
			);
			name = "[CP] Embed Pods Frameworks";
			outputPaths = (
			);
			runOnlyForDeploymentPostprocessing = 0;
			shellPath = /bin/sh;
			shellScript = "\"${SRCROOT}/Pods/Target Support Files/Pods-PokemanSearch/Pods-PokemanSearch-frameworks.sh\"\n";
			showEnvVarsInLog = 0;
		};
		DB1926794B1DD8176F7E5000 /* [CP] Check Pods Manifest.lock */ = {
			isa = PBXShellScriptBuildPhase;
			buildActionMask = 2147483647;
			files = (
			);
			inputPaths = (
			);
			name = "[CP] Check Pods Manifest.lock";
			outputPaths = (
			);
			runOnlyForDeploymentPostprocessing = 0;
			shellPath = /bin/sh;
			shellScript = "diff \"${PODS_ROOT}/../Podfile.lock\" \"${PODS_ROOT}/Manifest.lock\" > /dev/null\nif [ $? != 0 ] ; then\n    # print error to STDERR\n    echo \"error: The sandbox is not in sync with the Podfile.lock. Run 'pod install' or update your CocoaPods installation.\" >&2\n    exit 1\nfi\n";
			showEnvVarsInLog = 0;
		};
/* End PBXShellScriptBuildPhase section */

/* Begin PBXSourcesBuildPhase section */
		BF12FCEF1DC18457003FBE68 /* Sources */ = {
			isa = PBXSourcesBuildPhase;
			buildActionMask = 2147483647;
			files = (
				BFAC940D1DC301F900D4256E /* GFBase32Utils.m in Sources */,
				BF12FCF91DC18457003FBE68 /* ViewController.swift in Sources */,
				BFAC940E1DC301F900D4256E /* GFGeoHash.m in Sources */,
				BF12FCF71DC18457003FBE68 /* AppDelegate.swift in Sources */,
				BFAC940C1DC301F900D4256E /* GeoFire.m in Sources */,
				BF7730DF1DC539C900520187 /* PokemanAnnotate.swift in Sources */,
				BFAC940F1DC301F900D4256E /* GFGeoHashQuery.m in Sources */,
				BFAC94101DC301F900D4256E /* GFQuery.m in Sources */,
			);
			runOnlyForDeploymentPostprocessing = 0;
		};
/* End PBXSourcesBuildPhase section */

/* Begin PBXVariantGroup section */
		BF12FCFA1DC18457003FBE68 /* Main.storyboard */ = {
			isa = PBXVariantGroup;
			children = (
				BF12FCFB1DC18457003FBE68 /* Base */,
			);
			name = Main.storyboard;
			sourceTree = "<group>";
		};
		BF12FCFF1DC18457003FBE68 /* LaunchScreen.storyboard */ = {
			isa = PBXVariantGroup;
			children = (
				BF12FD001DC18457003FBE68 /* Base */,
			);
			name = LaunchScreen.storyboard;
			sourceTree = "<group>";
		};
/* End PBXVariantGroup section */

/* Begin XCBuildConfiguration section */
		BF12FD031DC18457003FBE68 /* Debug */ = {
			isa = XCBuildConfiguration;
			buildSettings = {
				ALWAYS_SEARCH_USER_PATHS = NO;
				CLANG_ANALYZER_NONNULL = YES;
				CLANG_CXX_LANGUAGE_STANDARD = "gnu++0x";
				CLANG_CXX_LIBRARY = "libc++";
				CLANG_ENABLE_MODULES = YES;
				CLANG_ENABLE_OBJC_ARC = YES;
				CLANG_WARN_BOOL_CONVERSION = YES;
				CLANG_WARN_CONSTANT_CONVERSION = YES;
				CLANG_WARN_DIRECT_OBJC_ISA_USAGE = YES_ERROR;
				CLANG_WARN_DOCUMENTATION_COMMENTS = YES;
				CLANG_WARN_EMPTY_BODY = YES;
				CLANG_WARN_ENUM_CONVERSION = YES;
				CLANG_WARN_INFINITE_RECURSION = YES;
				CLANG_WARN_INT_CONVERSION = YES;
				CLANG_WARN_OBJC_ROOT_CLASS = YES_ERROR;
				CLANG_WARN_SUSPICIOUS_MOVES = YES;
				CLANG_WARN_UNREACHABLE_CODE = YES;
				CLANG_WARN__DUPLICATE_METHOD_MATCH = YES;
				"CODE_SIGN_IDENTITY[sdk=iphoneos*]" = "iPhone Developer";
				COPY_PHASE_STRIP = NO;
				DEBUG_INFORMATION_FORMAT = dwarf;
				ENABLE_STRICT_OBJC_MSGSEND = YES;
				ENABLE_TESTABILITY = YES;
				GCC_C_LANGUAGE_STANDARD = gnu99;
				GCC_DYNAMIC_NO_PIC = NO;
				GCC_NO_COMMON_BLOCKS = YES;
				GCC_OPTIMIZATION_LEVEL = 0;
				GCC_PREPROCESSOR_DEFINITIONS = (
					"DEBUG=1",
					"$(inherited)",
				);
				GCC_WARN_64_TO_32_BIT_CONVERSION = YES;
				GCC_WARN_ABOUT_RETURN_TYPE = YES_ERROR;
				GCC_WARN_UNDECLARED_SELECTOR = YES;
				GCC_WARN_UNINITIALIZED_AUTOS = YES_AGGRESSIVE;
				GCC_WARN_UNUSED_FUNCTION = YES;
				GCC_WARN_UNUSED_VARIABLE = YES;
				IPHONEOS_DEPLOYMENT_TARGET = 10.0;
				MTL_ENABLE_DEBUG_INFO = YES;
				ONLY_ACTIVE_ARCH = YES;
				SDKROOT = iphoneos;
				SWIFT_ACTIVE_COMPILATION_CONDITIONS = DEBUG;
				SWIFT_OPTIMIZATION_LEVEL = "-Onone";
				TARGETED_DEVICE_FAMILY = "1,2";
			};
			name = Debug;
		};
		BF12FD041DC18457003FBE68 /* Release */ = {
			isa = XCBuildConfiguration;
			buildSettings = {
				ALWAYS_SEARCH_USER_PATHS = NO;
				CLANG_ANALYZER_NONNULL = YES;
				CLANG_CXX_LANGUAGE_STANDARD = "gnu++0x";
				CLANG_CXX_LIBRARY = "libc++";
				CLANG_ENABLE_MODULES = YES;
				CLANG_ENABLE_OBJC_ARC = YES;
				CLANG_WARN_BOOL_CONVERSION = YES;
				CLANG_WARN_CONSTANT_CONVERSION = YES;
				CLANG_WARN_DIRECT_OBJC_ISA_USAGE = YES_ERROR;
				CLANG_WARN_DOCUMENTATION_COMMENTS = YES;
				CLANG_WARN_EMPTY_BODY = YES;
				CLANG_WARN_ENUM_CONVERSION = YES;
				CLANG_WARN_INFINITE_RECURSION = YES;
				CLANG_WARN_INT_CONVERSION = YES;
				CLANG_WARN_OBJC_ROOT_CLASS = YES_ERROR;
				CLANG_WARN_SUSPICIOUS_MOVES = YES;
				CLANG_WARN_UNREACHABLE_CODE = YES;
				CLANG_WARN__DUPLICATE_METHOD_MATCH = YES;
				"CODE_SIGN_IDENTITY[sdk=iphoneos*]" = "iPhone Developer";
				COPY_PHASE_STRIP = NO;
				DEBUG_INFORMATION_FORMAT = "dwarf-with-dsym";
				ENABLE_NS_ASSERTIONS = NO;
				ENABLE_STRICT_OBJC_MSGSEND = YES;
				GCC_C_LANGUAGE_STANDARD = gnu99;
				GCC_NO_COMMON_BLOCKS = YES;
				GCC_WARN_64_TO_32_BIT_CONVERSION = YES;
				GCC_WARN_ABOUT_RETURN_TYPE = YES_ERROR;
				GCC_WARN_UNDECLARED_SELECTOR = YES;
				GCC_WARN_UNINITIALIZED_AUTOS = YES_AGGRESSIVE;
				GCC_WARN_UNUSED_FUNCTION = YES;
				GCC_WARN_UNUSED_VARIABLE = YES;
				IPHONEOS_DEPLOYMENT_TARGET = 10.0;
				MTL_ENABLE_DEBUG_INFO = NO;
				SDKROOT = iphoneos;
				SWIFT_OPTIMIZATION_LEVEL = "-Owholemodule";
				TARGETED_DEVICE_FAMILY = "1,2";
				VALIDATE_PRODUCT = YES;
			};
			name = Release;
		};
		BF12FD061DC18457003FBE68 /* Debug */ = {
			isa = XCBuildConfiguration;
			baseConfigurationReference = 9FFF259A1C47F20110402F14 /* Pods-PokemanSearch.debug.xcconfig */;
			buildSettings = {
				ASSETCATALOG_COMPILER_APPICON_NAME = AppIcon;
				DEVELOPMENT_TEAM = M9Z5C7FPBY;
				INFOPLIST_FILE = PokemanSearch/Info.plist;
				LD_RUNPATH_SEARCH_PATHS = "$(inherited) @executable_path/Frameworks";
				PRODUCT_BUNDLE_IDENTIFIER = com.vincev.searchpokeman;
				PRODUCT_NAME = "$(TARGET_NAME)";
				SWIFT_OBJC_BRIDGING_HEADER = "PokemanSearch/PokemanSearch-Bridging-Header.h";
				SWIFT_VERSION = 3.0;
			};
			name = Debug;
		};
		BF12FD071DC18457003FBE68 /* Release */ = {
			isa = XCBuildConfiguration;
			baseConfigurationReference = C0D822F1DD8A2D534154F5AE /* Pods-PokemanSearch.release.xcconfig */;
			buildSettings = {
				ASSETCATALOG_COMPILER_APPICON_NAME = AppIcon;
				DEVELOPMENT_TEAM = M9Z5C7FPBY;
				INFOPLIST_FILE = PokemanSearch/Info.plist;
				LD_RUNPATH_SEARCH_PATHS = "$(inherited) @executable_path/Frameworks";
				PRODUCT_BUNDLE_IDENTIFIER = com.vincev.searchpokeman;
				PRODUCT_NAME = "$(TARGET_NAME)";
				SWIFT_OBJC_BRIDGING_HEADER = "PokemanSearch/PokemanSearch-Bridging-Header.h";
				SWIFT_VERSION = 3.0;
			};
			name = Release;
		};
/* End XCBuildConfiguration section */

/* Begin XCConfigurationList section */
		BF12FCEE1DC18457003FBE68 /* Build configuration list for PBXProject "PokemanSearch" */ = {
			isa = XCConfigurationList;
			buildConfigurations = (
				BF12FD031DC18457003FBE68 /* Debug */,
				BF12FD041DC18457003FBE68 /* Release */,
			);
			defaultConfigurationIsVisible = 0;
			defaultConfigurationName = Release;
		};
		BF12FD051DC18457003FBE68 /* Build configuration list for PBXNativeTarget "PokemanSearch" */ = {
			isa = XCConfigurationList;
			buildConfigurations = (
				BF12FD061DC18457003FBE68 /* Debug */,
				BF12FD071DC18457003FBE68 /* Release */,
			);
			defaultConfigurationIsVisible = 0;
			defaultConfigurationName = Release;
		};
/* End XCConfigurationList section */
	};
	rootObject = BF12FCEB1DC18457003FBE68 /* Project object */;
}
